
Microsoft Visual Studio Solution File, Format Version 12.00
# Visual Studio Version 17
VisualStudioVersion = 17.0.31903.59
MinimumVisualStudioVersion = 10.0.40219.1
Project("{FAE04EC0-301F-11D3-BF4B-00C04F79EFBC}") = "Day04", "csharp\Day04.csproj", "{53071BA6-D2D2-462E-BBEB-B1B4BA0E047F}"
EndProject
Project("{F2A71F9B-5D33-465A-A702-920D77279786}") = "Day04", "fsharp\Day04.fsproj", "{7A4C0E45-CB2E-494F-800F-415CC1A9C45C}"
EndProject
Global
	GlobalSection(SolutionConfigurationPlatforms) = preSolution
		Debug|Any CPU = Debug|Any CPU
		Release|Any CPU = Release|Any CPU
	EndGlobalSection
	GlobalSection(SolutionProperties) = preSolution
		HideSolutionNode = FALSE
	EndGlobalSection
	GlobalSection(ProjectConfigurationPlatforms) = postSolution
		{53071BA6-D2D2-462E-BBEB-B1B4BA0E047F}.Debug|Any CPU.ActiveCfg = Debug|Any CPU
		{53071BA6-D2D2-462E-BBEB-B1B4BA0E047F}.Debug|Any CPU.Build.0 = Debug|Any CPU
		{53071BA6-D2D2-462E-BBEB-B1B4BA0E047F}.Release|Any CPU.ActiveCfg = Release|Any CPU
		{53071BA6-D2D2-462E-BBEB-B1B4BA0E047F}.Release|Any CPU.Build.0 = Release|Any CPU
		{7A4C0E45-CB2E-494F-800F-415CC1A9C45C}.Debug|Any CPU.ActiveCfg = Debug|Any CPU
		{7A4C0E45-CB2E-494F-800F-415CC1A9C45C}.Debug|Any CPU.Build.0 = Debug|Any CPU
		{7A4C0E45-CB2E-494F-800F-415CC1A9C45C}.Release|Any CPU.ActiveCfg = Release|Any CPU
		{7A4C0E45-CB2E-494F-800F-415CC1A9C45C}.Release|Any CPU.Build.0 = Release|Any CPU
	EndGlobalSection
EndGlobal
