
Microsoft Visual Studio Solution File, Format Version 12.00
# Visual Studio Version 17
VisualStudioVersion = 17.0.31903.59
MinimumVisualStudioVersion = 10.0.40219.1
Project("{2150E333-8FDC-42A3-9474-1A3956D46DE8}") = "2021", "2021", "{20E43703-B928-4790-B15E-F923AAAA0F32}"
EndProject
Project("{2150E333-8FDC-42A3-9474-1A3956D46DE8}") = "csharp", "csharp", "{21C3F356-F798-46F4-B90E-34BB24EBEECF}"
EndProject
Project("{FAE04EC0-301F-11D3-BF4B-00C04F79EFBC}") = "Day1", "src\2021\Day01\csharp\Day1.csproj", "{5C47C73E-114A-4AC5-8974-2111A699FFAC}"
EndProject
Project("{2150E333-8FDC-42A3-9474-1A3956D46DE8}") = "2022", "2022", "{35F0C577-8879-4F33-BA47-D53866FCC321}"
EndProject
Project("{2150E333-8FDC-42A3-9474-1A3956D46DE8}") = "csharp", "csharp", "{8EA923BA-8B77-4340-8E6C-C838E3168DF8}"
EndProject
Project("{FAE04EC0-301F-11D3-BF4B-00C04F79EFBC}") = "Day01", "src\2022\Day01\csharp\Day01.csproj", "{C5043412-F537-49B1-97EE-B2E43E00336A}"
EndProject
Project("{FAE04EC0-301F-11D3-BF4B-00C04F79EFBC}") = "Day02", "src\2022\Day02\csharp\Day02.csproj", "{04E8A391-0796-4108-9AE3-1CA29C0EC7F1}"
EndProject
Project("{FAE04EC0-301F-11D3-BF4B-00C04F79EFBC}") = "Day03", "src\2022\Day03\csharp\Day03.csproj", "{4109FE5B-70FC-4AB8-9BBC-F678EFE69625}"
EndProject
Project("{FAE04EC0-301F-11D3-BF4B-00C04F79EFBC}") = "Day04", "src\2022\Day04\csharp\Day04.csproj", "{B6883428-8DC2-4186-A211-5DEEC41836E1}"
EndProject
Project("{FAE04EC0-301F-11D3-BF4B-00C04F79EFBC}") = "Day05", "src\2022\Day05\csharp\Day05.csproj", "{81624B6A-D149-4A57-ACAC-E8111E17882F}"
EndProject
Project("{FAE04EC0-301F-11D3-BF4B-00C04F79EFBC}") = "Day06", "src\2022\Day06\csharp\Day06.csproj", "{822319C9-A1FA-4566-AF72-5B5E3B806BE9}"
EndProject
Project("{FAE04EC0-301F-11D3-BF4B-00C04F79EFBC}") = "Day07", "src\2022\Day07\csharp\Day07.csproj", "{6629959D-5127-49E8-938D-D091A08AD08F}"
EndProject
Project("{FAE04EC0-301F-11D3-BF4B-00C04F79EFBC}") = "Day08", "src\2022\Day08\csharp\Day08.csproj", "{8ABBE7A6-ABFC-41D0-8E26-4D7E1F1652BF}"
EndProject
Project("{FAE04EC0-301F-11D3-BF4B-00C04F79EFBC}") = "Day09", "src\2022\Day09\csharp\Day09.csproj", "{162C01FF-3423-4C58-966B-249358C47301}"
EndProject
Project("{FAE04EC0-301F-11D3-BF4B-00C04F79EFBC}") = "Day10", "src\2022\Day10\csharp\Day10.csproj", "{2452E6CA-914B-4E49-B21C-0AD78193EBFA}"
EndProject
Project("{FAE04EC0-301F-11D3-BF4B-00C04F79EFBC}") = "Day11", "src\2022\Day11\csharp\Day11.csproj", "{4EB08B81-4EE1-465E-B580-D771C90A9991}"
EndProject
Project("{FAE04EC0-301F-11D3-BF4B-00C04F79EFBC}") = "Day12", "src\2022\Day12\csharp\Day12.csproj", "{97BA7E26-B9F6-4200-9FC8-7434CE96E929}"
EndProject
Project("{FAE04EC0-301F-11D3-BF4B-00C04F79EFBC}") = "Day13", "src\2022\Day13\csharp\Day13.csproj", "{0B6C7042-5101-4FD4-954F-66EA6E70337F}"
EndProject
Project("{FAE04EC0-301F-11D3-BF4B-00C04F79EFBC}") = "Day14", "src\2022\Day14\csharp\Day14.csproj", "{683DFC8E-193A-4826-964F-D8E3AFECAFEF}"
EndProject
Project("{2150E333-8FDC-42A3-9474-1A3956D46DE8}") = "fsharp", "fsharp", "{BA500F1F-FDD8-4736-A6E5-C85C221D3AFD}"
EndProject
Project("{F2A71F9B-5D33-465A-A702-920D77279786}") = "Day01", "src\2022\Day01\fsharp\Day01.fsproj", "{0E3A2F2F-4D60-430C-B3DC-171DA9AF1932}"
EndProject
Project("{F2A71F9B-5D33-465A-A702-920D77279786}") = "Day02", "src\2022\Day02\fsharp\Day02.fsproj", "{9E2FCB9C-CF3C-4B28-A82F-7FDE323AD383}"
EndProject
Project("{F2A71F9B-5D33-465A-A702-920D77279786}") = "Day03", "src\2022\Day03\fsharp\Day03.fsproj", "{B502F2AE-984B-4130-B538-9EB4438F4649}"
EndProject
Project("{F2A71F9B-5D33-465A-A702-920D77279786}") = "Day04", "src\2022\Day04\fsharp\Day04.fsproj", "{A1D6CDBB-92E7-4656-98F0-80B9FF8F1027}"
EndProject
Project("{F2A71F9B-5D33-465A-A702-920D77279786}") = "Day05", "src\2022\Day05\fsharp\Day05.fsproj", "{0A6E2003-6F29-468B-ACA5-9BCD3EA852C4}"
EndProject
Project("{F2A71F9B-5D33-465A-A702-920D77279786}") = "Day06", "src\2022\Day06\fsharp\Day06.fsproj", "{AC42010D-3EF1-4762-A3C8-482112100D94}"
EndProject
Project("{F2A71F9B-5D33-465A-A702-920D77279786}") = "Day07", "src\2022\Day07\fsharp\Day07.fsproj", "{38174BBD-A532-4FCD-9643-0BFFD5DD7D75}"
EndProject
Project("{F2A71F9B-5D33-465A-A702-920D77279786}") = "Day08", "src\2022\Day08\fsharp\Day08.fsproj", "{9A5DCD15-6DF5-4AAF-9F41-894311853ADC}"
EndProject
Project("{F2A71F9B-5D33-465A-A702-920D77279786}") = "Day09", "src\2022\Day09\fsharp\Day09.fsproj", "{D1539115-9C5C-4556-ACE2-3313084A334A}"
EndProject
Project("{F2A71F9B-5D33-465A-A702-920D77279786}") = "Day10", "src\2022\Day10\fsharp\Day10.fsproj", "{EAA5151E-5688-424A-BD8F-0B67691643CC}"
EndProject
Project("{F2A71F9B-5D33-465A-A702-920D77279786}") = "Day11", "src\2022\Day11\fsharp\Day11.fsproj", "{CB328809-12DD-4244-9A2D-D2E1743CCC81}"
EndProject
Project("{F2A71F9B-5D33-465A-A702-920D77279786}") = "Day12", "src\2022\Day12\fsharp\Day12.fsproj", "{C6A6539E-CCDC-40B6-ADF7-312D96796D4C}"
EndProject
Project("{F2A71F9B-5D33-465A-A702-920D77279786}") = "Day13", "src\2022\Day13\fsharp\Day13.fsproj", "{F33AEA2F-1C90-4E43-A7F8-45243EDC890A}"
EndProject
Project("{F2A71F9B-5D33-465A-A702-920D77279786}") = "Day14", "src\2022\Day14\fsharp\Day14.fsproj", "{B180E9C7-D4CA-4705-B512-0BFDF6A914B4}"
EndProject
Project("{2150E333-8FDC-42A3-9474-1A3956D46DE8}") = "Solution Items", "Solution Items", "{1BF0C931-7B62-437B-AEF6-7BCEA65D16AE}"
	ProjectSection(SolutionItems) = preProject
		.editorconfig = .editorconfig
		.gitignore = .gitignore
	EndProjectSection
EndProject
Project("{2150E333-8FDC-42A3-9474-1A3956D46DE8}") = ".github", ".github", "{7C065A9E-37CD-42EB-8E78-CD5B6A92CF73}"
	ProjectSection(SolutionItems) = preProject
		.github\renovate.json = .github\renovate.json
	EndProjectSection
EndProject
Project("{2150E333-8FDC-42A3-9474-1A3956D46DE8}") = "docs", "docs", "{EAB3426E-E334-421F-BD1D-E3162DA672FA}"
	ProjectSection(SolutionItems) = preProject
		README.md = README.md
	EndProjectSection
EndProject
Project("{2150E333-8FDC-42A3-9474-1A3956D46DE8}") = "build", "build", "{1B87218A-8A01-4BA5-A88E-2520179E31AE}"
	ProjectSection(SolutionItems) = preProject
		global.json = global.json
		.nvmrc = .nvmrc
		Makefile = Makefile
	EndProjectSection
EndProject
Project("{2150E333-8FDC-42A3-9474-1A3956D46DE8}") = "shared", "shared", "{B32C2FF7-8CF5-41E9-A7DB-E8AFF27B7991}"
EndProject
Project("{F2A71F9B-5D33-465A-A702-920D77279786}") = "Util", "shared\dotnet\Util\Util.fsproj", "{3678EAB8-8894-45D1-941B-F2216BAEBA72}"
EndProject
Project("{2150E333-8FDC-42A3-9474-1A3956D46DE8}") = "2024", "2024", "{BEC9EFD1-8ED6-40AF-8322-369AEBA1CF84}"
EndProject
Project("{2150E333-8FDC-42A3-9474-1A3956D46DE8}") = "fsharp", "fsharp", "{642C3C78-B15C-41EA-876D-1168C74D731D}"
EndProject
Project("{F2A71F9B-5D33-465A-A702-920D77279786}") = "Day01", "src\2024\Day01\fsharp\Day01.fsproj", "{1ECBFBDC-EEEA-46D1-9AE7-5B5F5E4344F5}"
EndProject
Global
	GlobalSection(SolutionConfigurationPlatforms) = preSolution
		Debug|Any CPU = Debug|Any CPU
		Release|Any CPU = Release|Any CPU
	EndGlobalSection
	GlobalSection(SolutionProperties) = preSolution
		HideSolutionNode = FALSE
	EndGlobalSection
	GlobalSection(ProjectConfigurationPlatforms) = postSolution
		{5C47C73E-114A-4AC5-8974-2111A699FFAC}.Debug|Any CPU.ActiveCfg = Debug|Any CPU
		{5C47C73E-114A-4AC5-8974-2111A699FFAC}.Debug|Any CPU.Build.0 = Debug|Any CPU
		{5C47C73E-114A-4AC5-8974-2111A699FFAC}.Release|Any CPU.ActiveCfg = Release|Any CPU
		{5C47C73E-114A-4AC5-8974-2111A699FFAC}.Release|Any CPU.Build.0 = Release|Any CPU
		{C5043412-F537-49B1-97EE-B2E43E00336A}.Debug|Any CPU.ActiveCfg = Debug|Any CPU
		{C5043412-F537-49B1-97EE-B2E43E00336A}.Debug|Any CPU.Build.0 = Debug|Any CPU
		{C5043412-F537-49B1-97EE-B2E43E00336A}.Release|Any CPU.ActiveCfg = Release|Any CPU
		{C5043412-F537-49B1-97EE-B2E43E00336A}.Release|Any CPU.Build.0 = Release|Any CPU
		{04E8A391-0796-4108-9AE3-1CA29C0EC7F1}.Debug|Any CPU.ActiveCfg = Debug|Any CPU
		{04E8A391-0796-4108-9AE3-1CA29C0EC7F1}.Debug|Any CPU.Build.0 = Debug|Any CPU
		{04E8A391-0796-4108-9AE3-1CA29C0EC7F1}.Release|Any CPU.ActiveCfg = Release|Any CPU
		{04E8A391-0796-4108-9AE3-1CA29C0EC7F1}.Release|Any CPU.Build.0 = Release|Any CPU
		{4109FE5B-70FC-4AB8-9BBC-F678EFE69625}.Debug|Any CPU.ActiveCfg = Debug|Any CPU
		{4109FE5B-70FC-4AB8-9BBC-F678EFE69625}.Debug|Any CPU.Build.0 = Debug|Any CPU
		{4109FE5B-70FC-4AB8-9BBC-F678EFE69625}.Release|Any CPU.ActiveCfg = Release|Any CPU
		{4109FE5B-70FC-4AB8-9BBC-F678EFE69625}.Release|Any CPU.Build.0 = Release|Any CPU
		{B6883428-8DC2-4186-A211-5DEEC41836E1}.Debug|Any CPU.ActiveCfg = Debug|Any CPU
		{B6883428-8DC2-4186-A211-5DEEC41836E1}.Debug|Any CPU.Build.0 = Debug|Any CPU
		{B6883428-8DC2-4186-A211-5DEEC41836E1}.Release|Any CPU.ActiveCfg = Release|Any CPU
		{B6883428-8DC2-4186-A211-5DEEC41836E1}.Release|Any CPU.Build.0 = Release|Any CPU
		{81624B6A-D149-4A57-ACAC-E8111E17882F}.Debug|Any CPU.ActiveCfg = Debug|Any CPU
		{81624B6A-D149-4A57-ACAC-E8111E17882F}.Debug|Any CPU.Build.0 = Debug|Any CPU
		{81624B6A-D149-4A57-ACAC-E8111E17882F}.Release|Any CPU.ActiveCfg = Release|Any CPU
		{81624B6A-D149-4A57-ACAC-E8111E17882F}.Release|Any CPU.Build.0 = Release|Any CPU
		{822319C9-A1FA-4566-AF72-5B5E3B806BE9}.Debug|Any CPU.ActiveCfg = Debug|Any CPU
		{822319C9-A1FA-4566-AF72-5B5E3B806BE9}.Debug|Any CPU.Build.0 = Debug|Any CPU
		{822319C9-A1FA-4566-AF72-5B5E3B806BE9}.Release|Any CPU.ActiveCfg = Release|Any CPU
		{822319C9-A1FA-4566-AF72-5B5E3B806BE9}.Release|Any CPU.Build.0 = Release|Any CPU
		{6629959D-5127-49E8-938D-D091A08AD08F}.Debug|Any CPU.ActiveCfg = Debug|Any CPU
		{6629959D-5127-49E8-938D-D091A08AD08F}.Debug|Any CPU.Build.0 = Debug|Any CPU
		{6629959D-5127-49E8-938D-D091A08AD08F}.Release|Any CPU.ActiveCfg = Release|Any CPU
		{6629959D-5127-49E8-938D-D091A08AD08F}.Release|Any CPU.Build.0 = Release|Any CPU
		{8ABBE7A6-ABFC-41D0-8E26-4D7E1F1652BF}.Debug|Any CPU.ActiveCfg = Debug|Any CPU
		{8ABBE7A6-ABFC-41D0-8E26-4D7E1F1652BF}.Debug|Any CPU.Build.0 = Debug|Any CPU
		{8ABBE7A6-ABFC-41D0-8E26-4D7E1F1652BF}.Release|Any CPU.ActiveCfg = Release|Any CPU
		{8ABBE7A6-ABFC-41D0-8E26-4D7E1F1652BF}.Release|Any CPU.Build.0 = Release|Any CPU
		{162C01FF-3423-4C58-966B-249358C47301}.Debug|Any CPU.ActiveCfg = Debug|Any CPU
		{162C01FF-3423-4C58-966B-249358C47301}.Debug|Any CPU.Build.0 = Debug|Any CPU
		{162C01FF-3423-4C58-966B-249358C47301}.Release|Any CPU.ActiveCfg = Release|Any CPU
		{162C01FF-3423-4C58-966B-249358C47301}.Release|Any CPU.Build.0 = Release|Any CPU
		{2452E6CA-914B-4E49-B21C-0AD78193EBFA}.Debug|Any CPU.ActiveCfg = Debug|Any CPU
		{2452E6CA-914B-4E49-B21C-0AD78193EBFA}.Debug|Any CPU.Build.0 = Debug|Any CPU
		{2452E6CA-914B-4E49-B21C-0AD78193EBFA}.Release|Any CPU.ActiveCfg = Release|Any CPU
		{2452E6CA-914B-4E49-B21C-0AD78193EBFA}.Release|Any CPU.Build.0 = Release|Any CPU
		{4EB08B81-4EE1-465E-B580-D771C90A9991}.Debug|Any CPU.ActiveCfg = Debug|Any CPU
		{4EB08B81-4EE1-465E-B580-D771C90A9991}.Debug|Any CPU.Build.0 = Debug|Any CPU
		{4EB08B81-4EE1-465E-B580-D771C90A9991}.Release|Any CPU.ActiveCfg = Release|Any CPU
		{4EB08B81-4EE1-465E-B580-D771C90A9991}.Release|Any CPU.Build.0 = Release|Any CPU
		{97BA7E26-B9F6-4200-9FC8-7434CE96E929}.Debug|Any CPU.ActiveCfg = Debug|Any CPU
		{97BA7E26-B9F6-4200-9FC8-7434CE96E929}.Debug|Any CPU.Build.0 = Debug|Any CPU
		{97BA7E26-B9F6-4200-9FC8-7434CE96E929}.Release|Any CPU.ActiveCfg = Release|Any CPU
		{97BA7E26-B9F6-4200-9FC8-7434CE96E929}.Release|Any CPU.Build.0 = Release|Any CPU
		{0B6C7042-5101-4FD4-954F-66EA6E70337F}.Debug|Any CPU.ActiveCfg = Debug|Any CPU
		{0B6C7042-5101-4FD4-954F-66EA6E70337F}.Debug|Any CPU.Build.0 = Debug|Any CPU
		{0B6C7042-5101-4FD4-954F-66EA6E70337F}.Release|Any CPU.ActiveCfg = Release|Any CPU
		{0B6C7042-5101-4FD4-954F-66EA6E70337F}.Release|Any CPU.Build.0 = Release|Any CPU
		{683DFC8E-193A-4826-964F-D8E3AFECAFEF}.Debug|Any CPU.ActiveCfg = Debug|Any CPU
		{683DFC8E-193A-4826-964F-D8E3AFECAFEF}.Debug|Any CPU.Build.0 = Debug|Any CPU
		{683DFC8E-193A-4826-964F-D8E3AFECAFEF}.Release|Any CPU.ActiveCfg = Release|Any CPU
		{683DFC8E-193A-4826-964F-D8E3AFECAFEF}.Release|Any CPU.Build.0 = Release|Any CPU
		{0E3A2F2F-4D60-430C-B3DC-171DA9AF1932}.Debug|Any CPU.ActiveCfg = Debug|Any CPU
		{0E3A2F2F-4D60-430C-B3DC-171DA9AF1932}.Debug|Any CPU.Build.0 = Debug|Any CPU
		{0E3A2F2F-4D60-430C-B3DC-171DA9AF1932}.Release|Any CPU.ActiveCfg = Release|Any CPU
		{0E3A2F2F-4D60-430C-B3DC-171DA9AF1932}.Release|Any CPU.Build.0 = Release|Any CPU
		{9E2FCB9C-CF3C-4B28-A82F-7FDE323AD383}.Debug|Any CPU.ActiveCfg = Debug|Any CPU
		{9E2FCB9C-CF3C-4B28-A82F-7FDE323AD383}.Debug|Any CPU.Build.0 = Debug|Any CPU
		{9E2FCB9C-CF3C-4B28-A82F-7FDE323AD383}.Release|Any CPU.ActiveCfg = Release|Any CPU
		{9E2FCB9C-CF3C-4B28-A82F-7FDE323AD383}.Release|Any CPU.Build.0 = Release|Any CPU
		{B502F2AE-984B-4130-B538-9EB4438F4649}.Debug|Any CPU.ActiveCfg = Debug|Any CPU
		{B502F2AE-984B-4130-B538-9EB4438F4649}.Debug|Any CPU.Build.0 = Debug|Any CPU
		{B502F2AE-984B-4130-B538-9EB4438F4649}.Release|Any CPU.ActiveCfg = Release|Any CPU
		{B502F2AE-984B-4130-B538-9EB4438F4649}.Release|Any CPU.Build.0 = Release|Any CPU
		{A1D6CDBB-92E7-4656-98F0-80B9FF8F1027}.Debug|Any CPU.ActiveCfg = Debug|Any CPU
		{A1D6CDBB-92E7-4656-98F0-80B9FF8F1027}.Debug|Any CPU.Build.0 = Debug|Any CPU
		{A1D6CDBB-92E7-4656-98F0-80B9FF8F1027}.Release|Any CPU.ActiveCfg = Release|Any CPU
		{A1D6CDBB-92E7-4656-98F0-80B9FF8F1027}.Release|Any CPU.Build.0 = Release|Any CPU
		{0A6E2003-6F29-468B-ACA5-9BCD3EA852C4}.Debug|Any CPU.ActiveCfg = Debug|Any CPU
		{0A6E2003-6F29-468B-ACA5-9BCD3EA852C4}.Debug|Any CPU.Build.0 = Debug|Any CPU
		{0A6E2003-6F29-468B-ACA5-9BCD3EA852C4}.Release|Any CPU.ActiveCfg = Release|Any CPU
		{0A6E2003-6F29-468B-ACA5-9BCD3EA852C4}.Release|Any CPU.Build.0 = Release|Any CPU
		{AC42010D-3EF1-4762-A3C8-482112100D94}.Debug|Any CPU.ActiveCfg = Debug|Any CPU
		{AC42010D-3EF1-4762-A3C8-482112100D94}.Debug|Any CPU.Build.0 = Debug|Any CPU
		{AC42010D-3EF1-4762-A3C8-482112100D94}.Release|Any CPU.ActiveCfg = Release|Any CPU
		{AC42010D-3EF1-4762-A3C8-482112100D94}.Release|Any CPU.Build.0 = Release|Any CPU
		{38174BBD-A532-4FCD-9643-0BFFD5DD7D75}.Debug|Any CPU.ActiveCfg = Debug|Any CPU
		{38174BBD-A532-4FCD-9643-0BFFD5DD7D75}.Debug|Any CPU.Build.0 = Debug|Any CPU
		{38174BBD-A532-4FCD-9643-0BFFD5DD7D75}.Release|Any CPU.ActiveCfg = Release|Any CPU
		{38174BBD-A532-4FCD-9643-0BFFD5DD7D75}.Release|Any CPU.Build.0 = Release|Any CPU
		{9A5DCD15-6DF5-4AAF-9F41-894311853ADC}.Debug|Any CPU.ActiveCfg = Debug|Any CPU
		{9A5DCD15-6DF5-4AAF-9F41-894311853ADC}.Debug|Any CPU.Build.0 = Debug|Any CPU
		{9A5DCD15-6DF5-4AAF-9F41-894311853ADC}.Release|Any CPU.ActiveCfg = Release|Any CPU
		{9A5DCD15-6DF5-4AAF-9F41-894311853ADC}.Release|Any CPU.Build.0 = Release|Any CPU
		{D1539115-9C5C-4556-ACE2-3313084A334A}.Debug|Any CPU.ActiveCfg = Debug|Any CPU
		{D1539115-9C5C-4556-ACE2-3313084A334A}.Debug|Any CPU.Build.0 = Debug|Any CPU
		{D1539115-9C5C-4556-ACE2-3313084A334A}.Release|Any CPU.ActiveCfg = Release|Any CPU
		{D1539115-9C5C-4556-ACE2-3313084A334A}.Release|Any CPU.Build.0 = Release|Any CPU
		{EAA5151E-5688-424A-BD8F-0B67691643CC}.Debug|Any CPU.ActiveCfg = Debug|Any CPU
		{EAA5151E-5688-424A-BD8F-0B67691643CC}.Debug|Any CPU.Build.0 = Debug|Any CPU
		{EAA5151E-5688-424A-BD8F-0B67691643CC}.Release|Any CPU.ActiveCfg = Release|Any CPU
		{EAA5151E-5688-424A-BD8F-0B67691643CC}.Release|Any CPU.Build.0 = Release|Any CPU
		{CB328809-12DD-4244-9A2D-D2E1743CCC81}.Debug|Any CPU.ActiveCfg = Debug|Any CPU
		{CB328809-12DD-4244-9A2D-D2E1743CCC81}.Debug|Any CPU.Build.0 = Debug|Any CPU
		{CB328809-12DD-4244-9A2D-D2E1743CCC81}.Release|Any CPU.ActiveCfg = Release|Any CPU
		{CB328809-12DD-4244-9A2D-D2E1743CCC81}.Release|Any CPU.Build.0 = Release|Any CPU
		{C6A6539E-CCDC-40B6-ADF7-312D96796D4C}.Debug|Any CPU.ActiveCfg = Debug|Any CPU
		{C6A6539E-CCDC-40B6-ADF7-312D96796D4C}.Debug|Any CPU.Build.0 = Debug|Any CPU
		{C6A6539E-CCDC-40B6-ADF7-312D96796D4C}.Release|Any CPU.ActiveCfg = Release|Any CPU
		{C6A6539E-CCDC-40B6-ADF7-312D96796D4C}.Release|Any CPU.Build.0 = Release|Any CPU
		{F33AEA2F-1C90-4E43-A7F8-45243EDC890A}.Debug|Any CPU.ActiveCfg = Debug|Any CPU
		{F33AEA2F-1C90-4E43-A7F8-45243EDC890A}.Debug|Any CPU.Build.0 = Debug|Any CPU
		{F33AEA2F-1C90-4E43-A7F8-45243EDC890A}.Release|Any CPU.ActiveCfg = Release|Any CPU
		{F33AEA2F-1C90-4E43-A7F8-45243EDC890A}.Release|Any CPU.Build.0 = Release|Any CPU
		{B180E9C7-D4CA-4705-B512-0BFDF6A914B4}.Debug|Any CPU.ActiveCfg = Debug|Any CPU
		{B180E9C7-D4CA-4705-B512-0BFDF6A914B4}.Debug|Any CPU.Build.0 = Debug|Any CPU
		{B180E9C7-D4CA-4705-B512-0BFDF6A914B4}.Release|Any CPU.ActiveCfg = Release|Any CPU
		{B180E9C7-D4CA-4705-B512-0BFDF6A914B4}.Release|Any CPU.Build.0 = Release|Any CPU
		{3678EAB8-8894-45D1-941B-F2216BAEBA72}.Debug|Any CPU.ActiveCfg = Debug|Any CPU
		{3678EAB8-8894-45D1-941B-F2216BAEBA72}.Debug|Any CPU.Build.0 = Debug|Any CPU
		{3678EAB8-8894-45D1-941B-F2216BAEBA72}.Release|Any CPU.ActiveCfg = Release|Any CPU
		{3678EAB8-8894-45D1-941B-F2216BAEBA72}.Release|Any CPU.Build.0 = Release|Any CPU
		{1ECBFBDC-EEEA-46D1-9AE7-5B5F5E4344F5}.Debug|Any CPU.ActiveCfg = Debug|Any CPU
		{1ECBFBDC-EEEA-46D1-9AE7-5B5F5E4344F5}.Debug|Any CPU.Build.0 = Debug|Any CPU
		{1ECBFBDC-EEEA-46D1-9AE7-5B5F5E4344F5}.Release|Any CPU.ActiveCfg = Release|Any CPU
		{1ECBFBDC-EEEA-46D1-9AE7-5B5F5E4344F5}.Release|Any CPU.Build.0 = Release|Any CPU
	EndGlobalSection
	GlobalSection(NestedProjects) = preSolution
		{21C3F356-F798-46F4-B90E-34BB24EBEECF} = {20E43703-B928-4790-B15E-F923AAAA0F32}
		{5C47C73E-114A-4AC5-8974-2111A699FFAC} = {21C3F356-F798-46F4-B90E-34BB24EBEECF}
		{8EA923BA-8B77-4340-8E6C-C838E3168DF8} = {35F0C577-8879-4F33-BA47-D53866FCC321}
		{04E8A391-0796-4108-9AE3-1CA29C0EC7F1} = {8EA923BA-8B77-4340-8E6C-C838E3168DF8}
		{4109FE5B-70FC-4AB8-9BBC-F678EFE69625} = {8EA923BA-8B77-4340-8E6C-C838E3168DF8}
		{B6883428-8DC2-4186-A211-5DEEC41836E1} = {8EA923BA-8B77-4340-8E6C-C838E3168DF8}
		{81624B6A-D149-4A57-ACAC-E8111E17882F} = {8EA923BA-8B77-4340-8E6C-C838E3168DF8}
		{822319C9-A1FA-4566-AF72-5B5E3B806BE9} = {8EA923BA-8B77-4340-8E6C-C838E3168DF8}
		{6629959D-5127-49E8-938D-D091A08AD08F} = {8EA923BA-8B77-4340-8E6C-C838E3168DF8}
		{8ABBE7A6-ABFC-41D0-8E26-4D7E1F1652BF} = {8EA923BA-8B77-4340-8E6C-C838E3168DF8}
		{162C01FF-3423-4C58-966B-249358C47301} = {8EA923BA-8B77-4340-8E6C-C838E3168DF8}
		{2452E6CA-914B-4E49-B21C-0AD78193EBFA} = {8EA923BA-8B77-4340-8E6C-C838E3168DF8}
		{4EB08B81-4EE1-465E-B580-D771C90A9991} = {8EA923BA-8B77-4340-8E6C-C838E3168DF8}
		{97BA7E26-B9F6-4200-9FC8-7434CE96E929} = {8EA923BA-8B77-4340-8E6C-C838E3168DF8}
		{0B6C7042-5101-4FD4-954F-66EA6E70337F} = {8EA923BA-8B77-4340-8E6C-C838E3168DF8}
		{683DFC8E-193A-4826-964F-D8E3AFECAFEF} = {8EA923BA-8B77-4340-8E6C-C838E3168DF8}
		{BA500F1F-FDD8-4736-A6E5-C85C221D3AFD} = {35F0C577-8879-4F33-BA47-D53866FCC321}
		{0E3A2F2F-4D60-430C-B3DC-171DA9AF1932} = {BA500F1F-FDD8-4736-A6E5-C85C221D3AFD}
		{C5043412-F537-49B1-97EE-B2E43E00336A} = {8EA923BA-8B77-4340-8E6C-C838E3168DF8}
		{9E2FCB9C-CF3C-4B28-A82F-7FDE323AD383} = {BA500F1F-FDD8-4736-A6E5-C85C221D3AFD}
		{B502F2AE-984B-4130-B538-9EB4438F4649} = {BA500F1F-FDD8-4736-A6E5-C85C221D3AFD}
		{A1D6CDBB-92E7-4656-98F0-80B9FF8F1027} = {BA500F1F-FDD8-4736-A6E5-C85C221D3AFD}
		{0A6E2003-6F29-468B-ACA5-9BCD3EA852C4} = {BA500F1F-FDD8-4736-A6E5-C85C221D3AFD}
		{AC42010D-3EF1-4762-A3C8-482112100D94} = {BA500F1F-FDD8-4736-A6E5-C85C221D3AFD}
		{38174BBD-A532-4FCD-9643-0BFFD5DD7D75} = {BA500F1F-FDD8-4736-A6E5-C85C221D3AFD}
		{9A5DCD15-6DF5-4AAF-9F41-894311853ADC} = {BA500F1F-FDD8-4736-A6E5-C85C221D3AFD}
		{D1539115-9C5C-4556-ACE2-3313084A334A} = {BA500F1F-FDD8-4736-A6E5-C85C221D3AFD}
		{EAA5151E-5688-424A-BD8F-0B67691643CC} = {BA500F1F-FDD8-4736-A6E5-C85C221D3AFD}
		{CB328809-12DD-4244-9A2D-D2E1743CCC81} = {BA500F1F-FDD8-4736-A6E5-C85C221D3AFD}
		{C6A6539E-CCDC-40B6-ADF7-312D96796D4C} = {BA500F1F-FDD8-4736-A6E5-C85C221D3AFD}
		{F33AEA2F-1C90-4E43-A7F8-45243EDC890A} = {BA500F1F-FDD8-4736-A6E5-C85C221D3AFD}
		{B180E9C7-D4CA-4705-B512-0BFDF6A914B4} = {BA500F1F-FDD8-4736-A6E5-C85C221D3AFD}
		{3678EAB8-8894-45D1-941B-F2216BAEBA72} = {B32C2FF7-8CF5-41E9-A7DB-E8AFF27B7991}
		{642C3C78-B15C-41EA-876D-1168C74D731D} = {BEC9EFD1-8ED6-40AF-8322-369AEBA1CF84}
		{1ECBFBDC-EEEA-46D1-9AE7-5B5F5E4344F5} = {642C3C78-B15C-41EA-876D-1168C74D731D}
	EndGlobalSection
EndGlobal
