
Microsoft Visual Studio Solution File, Format Version 12.00
# Visual Studio Version 17
VisualStudioVersion = 17.0.31903.59
MinimumVisualStudioVersion = 10.0.40219.1
Project("{FAE04EC0-301F-11D3-BF4B-00C04F79EFBC}") = "Day09", "csharp\Day09.csproj", "{BF39EFFC-A509-48DA-977C-62A369AA52CF}"
EndProject
Project("{F2A71F9B-5D33-465A-A702-920D77279786}") = "Day09", "fsharp\Day09.fsproj", "{3F9A90B6-F95A-48EB-BF65-306A16A60275}"
EndProject
Global
	GlobalSection(SolutionConfigurationPlatforms) = preSolution
		Debug|Any CPU = Debug|Any CPU
		Release|Any CPU = Release|Any CPU
	EndGlobalSection
	GlobalSection(SolutionProperties) = preSolution
		HideSolutionNode = FALSE
	EndGlobalSection
	GlobalSection(ProjectConfigurationPlatforms) = postSolution
		{BF39EFFC-A509-48DA-977C-62A369AA52CF}.Debug|Any CPU.ActiveCfg = Debug|Any CPU
		{BF39EFFC-A509-48DA-977C-62A369AA52CF}.Debug|Any CPU.Build.0 = Debug|Any CPU
		{BF39EFFC-A509-48DA-977C-62A369AA52CF}.Release|Any CPU.ActiveCfg = Release|Any CPU
		{BF39EFFC-A509-48DA-977C-62A369AA52CF}.Release|Any CPU.Build.0 = Release|Any CPU
		{3F9A90B6-F95A-48EB-BF65-306A16A60275}.Debug|Any CPU.ActiveCfg = Debug|Any CPU
		{3F9A90B6-F95A-48EB-BF65-306A16A60275}.Debug|Any CPU.Build.0 = Debug|Any CPU
		{3F9A90B6-F95A-48EB-BF65-306A16A60275}.Release|Any CPU.ActiveCfg = Release|Any CPU
		{3F9A90B6-F95A-48EB-BF65-306A16A60275}.Release|Any CPU.Build.0 = Release|Any CPU
	EndGlobalSection
EndGlobal
