
Microsoft Visual Studio Solution File, Format Version 12.00
# Visual Studio Version 17
VisualStudioVersion = 17.0.31903.59
MinimumVisualStudioVersion = 10.0.40219.1
Project("{2150E333-8FDC-42A3-9474-1A3956D46DE8}") = "fsharp", "fsharp", "{F7F49A9D-EC65-4E0F-88A0-F85A2593B04A}"
EndProject
Project("{F2A71F9B-5D33-465A-A702-920D77279786}") = "Day14", "Day14\fsharp\Day14.fsproj", "{1AA4122E-4628-491A-8F51-84FE39033279}"
EndProject
Project("{F2A71F9B-5D33-465A-A702-920D77279786}") = "Day13", "Day13\fsharp\Day13.fsproj", "{46731ED6-CE62-41C8-849B-800A783A224F}"
EndProject
Project("{F2A71F9B-5D33-465A-A702-920D77279786}") = "Day12", "Day12\fsharp\Day12.fsproj", "{77DA8B84-59B7-4B43-9693-88CEFF690705}"
EndProject
Project("{F2A71F9B-5D33-465A-A702-920D77279786}") = "Day11", "Day11\fsharp\Day11.fsproj", "{FEE8CB61-C605-434A-ABA4-06F7047671D5}"
EndProject
Project("{F2A71F9B-5D33-465A-A702-920D77279786}") = "Day10", "Day10\fsharp\Day10.fsproj", "{E2782820-D0DA-47BF-AF56-14D4BC7A7CCC}"
EndProject
Project("{F2A71F9B-5D33-465A-A702-920D77279786}") = "Day09", "Day09\fsharp\Day09.fsproj", "{4CF9604B-8461-4702-8149-A705CECAAD62}"
EndProject
Project("{F2A71F9B-5D33-465A-A702-920D77279786}") = "Day08", "Day08\fsharp\Day08.fsproj", "{6CB62952-DB90-427E-8E87-CBACBE68D0C1}"
EndProject
Project("{F2A71F9B-5D33-465A-A702-920D77279786}") = "Day07", "Day07\fsharp\Day07.fsproj", "{A8E197CD-895C-4872-B0CE-77ABAE3D0187}"
EndProject
Project("{F2A71F9B-5D33-465A-A702-920D77279786}") = "Day06", "Day06\fsharp\Day06.fsproj", "{4BC2957C-A417-4031-AD84-DA0F1FF6C107}"
EndProject
Project("{F2A71F9B-5D33-465A-A702-920D77279786}") = "Day05", "Day05\fsharp\Day05.fsproj", "{8FBE29EB-AE48-4E0B-927D-FC01CD870AC9}"
EndProject
Project("{F2A71F9B-5D33-465A-A702-920D77279786}") = "Day04", "Day04\fsharp\Day04.fsproj", "{8B468F15-EF80-447D-A5F3-F66FBFB5624C}"
EndProject
Project("{F2A71F9B-5D33-465A-A702-920D77279786}") = "Day03", "Day03\fsharp\Day03.fsproj", "{AA22244B-534C-47A5-8BD9-4796D78F9F21}"
EndProject
Project("{F2A71F9B-5D33-465A-A702-920D77279786}") = "Day02", "Day02\fsharp\Day02.fsproj", "{C8BEE0CC-D7F8-4E17-B234-FA6595438416}"
EndProject
Project("{F2A71F9B-5D33-465A-A702-920D77279786}") = "Day01", "Day01\fsharp\Day01.fsproj", "{9C764FB3-3288-42E4-9ECC-D2C9DB636E3D}"
EndProject
Project("{2150E333-8FDC-42A3-9474-1A3956D46DE8}") = "csharp", "csharp", "{FB6239D3-4026-4ABB-8908-5275D42CD597}"
EndProject
Project("{FAE04EC0-301F-11D3-BF4B-00C04F79EFBC}") = "Day01", "Day01\csharp\Day01.csproj", "{C3DEE4DF-442E-4CF6-A7B3-BB657563E02C}"
EndProject
Project("{FAE04EC0-301F-11D3-BF4B-00C04F79EFBC}") = "Day02", "Day02\csharp\Day02.csproj", "{8F7DD7CC-343E-404C-8E6B-7001A7042F1D}"
EndProject
Project("{FAE04EC0-301F-11D3-BF4B-00C04F79EFBC}") = "Day03", "Day03\csharp\Day03.csproj", "{BD0E217B-9D61-4A83-B9FC-AAFDE0A18DE3}"
EndProject
Project("{FAE04EC0-301F-11D3-BF4B-00C04F79EFBC}") = "Day04", "Day04\csharp\Day04.csproj", "{27D85C14-AEB7-4D3F-A4AE-6AAEDBA5F6EE}"
EndProject
Project("{FAE04EC0-301F-11D3-BF4B-00C04F79EFBC}") = "Day05", "Day05\csharp\Day05.csproj", "{AE4DD3B5-B875-4464-BC95-9D6C076F2CCE}"
EndProject
Project("{FAE04EC0-301F-11D3-BF4B-00C04F79EFBC}") = "Day06", "Day06\csharp\Day06.csproj", "{4C827144-2083-4376-8982-0C909C6377DA}"
EndProject
Project("{FAE04EC0-301F-11D3-BF4B-00C04F79EFBC}") = "Day07", "Day07\csharp\Day07.csproj", "{648FEF66-241A-4441-8E2B-BB4D4C2FA8DF}"
EndProject
Project("{FAE04EC0-301F-11D3-BF4B-00C04F79EFBC}") = "Day08", "Day08\csharp\Day08.csproj", "{F31448A9-16BA-46E1-95AC-240739ED575A}"
EndProject
Project("{FAE04EC0-301F-11D3-BF4B-00C04F79EFBC}") = "Day09", "Day09\csharp\Day09.csproj", "{0C0DFA1E-4A5F-44FB-9891-12DDB29334F4}"
EndProject
Project("{FAE04EC0-301F-11D3-BF4B-00C04F79EFBC}") = "Day10", "Day10\csharp\Day10.csproj", "{E0A7C5CA-477B-492B-B9AE-5634A46F6095}"
EndProject
Project("{FAE04EC0-301F-11D3-BF4B-00C04F79EFBC}") = "Day11", "Day11\csharp\Day11.csproj", "{C4340A12-8781-4BD8-BE74-ED8333F76C32}"
EndProject
Project("{FAE04EC0-301F-11D3-BF4B-00C04F79EFBC}") = "Day12", "Day12\csharp\Day12.csproj", "{D6B1DF5B-3F00-45A3-B52B-A8266C4F4759}"
EndProject
Project("{FAE04EC0-301F-11D3-BF4B-00C04F79EFBC}") = "Day13", "Day13\csharp\Day13.csproj", "{77BC1534-A526-45D1-848A-B088E1FAADEF}"
EndProject
Project("{FAE04EC0-301F-11D3-BF4B-00C04F79EFBC}") = "Day14", "Day14\csharp\Day14.csproj", "{EA7D976D-04BC-4629-9303-74A1E9640B46}"
EndProject
Project("{2150E333-8FDC-42A3-9474-1A3956D46DE8}") = "shared", "shared", "{50D27C89-1CC8-4A71-95B0-A475AB1EDB9E}"
EndProject
Project("{F2A71F9B-5D33-465A-A702-920D77279786}") = "Util", "..\..\shared\dotnet\Util\Util.fsproj", "{F2F1FCEA-8685-4BEE-A5E6-6D89E05F0C3D}"
EndProject
Global
	GlobalSection(SolutionConfigurationPlatforms) = preSolution
		Debug|Any CPU = Debug|Any CPU
		Release|Any CPU = Release|Any CPU
	EndGlobalSection
	GlobalSection(SolutionProperties) = preSolution
		HideSolutionNode = FALSE
	EndGlobalSection
	GlobalSection(ProjectConfigurationPlatforms) = postSolution
		{01406C89-B3C2-449C-A31F-299160E12E7A}.Debug|Any CPU.ActiveCfg = Debug|Any CPU
		{01406C89-B3C2-449C-A31F-299160E12E7A}.Debug|Any CPU.Build.0 = Debug|Any CPU
		{01406C89-B3C2-449C-A31F-299160E12E7A}.Release|Any CPU.ActiveCfg = Release|Any CPU
		{01406C89-B3C2-449C-A31F-299160E12E7A}.Release|Any CPU.Build.0 = Release|Any CPU
		{F9340640-4EA5-47D1-BC3A-50EA41EC3679}.Debug|Any CPU.ActiveCfg = Debug|Any CPU
		{F9340640-4EA5-47D1-BC3A-50EA41EC3679}.Debug|Any CPU.Build.0 = Debug|Any CPU
		{F9340640-4EA5-47D1-BC3A-50EA41EC3679}.Release|Any CPU.ActiveCfg = Release|Any CPU
		{F9340640-4EA5-47D1-BC3A-50EA41EC3679}.Release|Any CPU.Build.0 = Release|Any CPU
		{0C1EB0B7-D014-48FD-9854-7F1FFE0774CD}.Debug|Any CPU.ActiveCfg = Debug|Any CPU
		{0C1EB0B7-D014-48FD-9854-7F1FFE0774CD}.Debug|Any CPU.Build.0 = Debug|Any CPU
		{0C1EB0B7-D014-48FD-9854-7F1FFE0774CD}.Release|Any CPU.ActiveCfg = Release|Any CPU
		{0C1EB0B7-D014-48FD-9854-7F1FFE0774CD}.Release|Any CPU.Build.0 = Release|Any CPU
		{32B8DFEB-C490-402E-8F11-FCF5CFBCD383}.Debug|Any CPU.ActiveCfg = Debug|Any CPU
		{32B8DFEB-C490-402E-8F11-FCF5CFBCD383}.Debug|Any CPU.Build.0 = Debug|Any CPU
		{32B8DFEB-C490-402E-8F11-FCF5CFBCD383}.Release|Any CPU.ActiveCfg = Release|Any CPU
		{32B8DFEB-C490-402E-8F11-FCF5CFBCD383}.Release|Any CPU.Build.0 = Release|Any CPU
		{2C6454DB-2AE7-4A09-A036-9EA74888B815}.Debug|Any CPU.ActiveCfg = Debug|Any CPU
		{2C6454DB-2AE7-4A09-A036-9EA74888B815}.Debug|Any CPU.Build.0 = Debug|Any CPU
		{2C6454DB-2AE7-4A09-A036-9EA74888B815}.Release|Any CPU.ActiveCfg = Release|Any CPU
		{2C6454DB-2AE7-4A09-A036-9EA74888B815}.Release|Any CPU.Build.0 = Release|Any CPU
		{3BA9B16A-E01C-4198-9EF7-B3C6E80E8435}.Debug|Any CPU.ActiveCfg = Debug|Any CPU
		{3BA9B16A-E01C-4198-9EF7-B3C6E80E8435}.Debug|Any CPU.Build.0 = Debug|Any CPU
		{3BA9B16A-E01C-4198-9EF7-B3C6E80E8435}.Release|Any CPU.ActiveCfg = Release|Any CPU
		{3BA9B16A-E01C-4198-9EF7-B3C6E80E8435}.Release|Any CPU.Build.0 = Release|Any CPU
		{CC473E1B-BC66-4585-A859-D37269DD0054}.Debug|Any CPU.ActiveCfg = Debug|Any CPU
		{CC473E1B-BC66-4585-A859-D37269DD0054}.Debug|Any CPU.Build.0 = Debug|Any CPU
		{CC473E1B-BC66-4585-A859-D37269DD0054}.Release|Any CPU.ActiveCfg = Release|Any CPU
		{CC473E1B-BC66-4585-A859-D37269DD0054}.Release|Any CPU.Build.0 = Release|Any CPU
		{321C7B6C-C68B-4FF8-AAD3-C5BDE6F1FBC1}.Debug|Any CPU.ActiveCfg = Debug|Any CPU
		{321C7B6C-C68B-4FF8-AAD3-C5BDE6F1FBC1}.Debug|Any CPU.Build.0 = Debug|Any CPU
		{321C7B6C-C68B-4FF8-AAD3-C5BDE6F1FBC1}.Release|Any CPU.ActiveCfg = Release|Any CPU
		{321C7B6C-C68B-4FF8-AAD3-C5BDE6F1FBC1}.Release|Any CPU.Build.0 = Release|Any CPU
		{DC2F4322-96F6-4F4F-951C-4E84C5268A36}.Debug|Any CPU.ActiveCfg = Debug|Any CPU
		{DC2F4322-96F6-4F4F-951C-4E84C5268A36}.Debug|Any CPU.Build.0 = Debug|Any CPU
		{DC2F4322-96F6-4F4F-951C-4E84C5268A36}.Release|Any CPU.ActiveCfg = Release|Any CPU
		{DC2F4322-96F6-4F4F-951C-4E84C5268A36}.Release|Any CPU.Build.0 = Release|Any CPU
		{10E4D9D9-F2A6-4B27-B21E-138AB406EB2F}.Debug|Any CPU.ActiveCfg = Debug|Any CPU
		{10E4D9D9-F2A6-4B27-B21E-138AB406EB2F}.Debug|Any CPU.Build.0 = Debug|Any CPU
		{10E4D9D9-F2A6-4B27-B21E-138AB406EB2F}.Release|Any CPU.ActiveCfg = Release|Any CPU
		{10E4D9D9-F2A6-4B27-B21E-138AB406EB2F}.Release|Any CPU.Build.0 = Release|Any CPU
		{ECD65E58-B057-4AC6-85EC-BEB22A55A331}.Debug|Any CPU.ActiveCfg = Debug|Any CPU
		{ECD65E58-B057-4AC6-85EC-BEB22A55A331}.Debug|Any CPU.Build.0 = Debug|Any CPU
		{ECD65E58-B057-4AC6-85EC-BEB22A55A331}.Release|Any CPU.ActiveCfg = Release|Any CPU
		{ECD65E58-B057-4AC6-85EC-BEB22A55A331}.Release|Any CPU.Build.0 = Release|Any CPU
		{5B43C22F-1B0C-41E2-9017-463EF4870AE6}.Debug|Any CPU.ActiveCfg = Debug|Any CPU
		{5B43C22F-1B0C-41E2-9017-463EF4870AE6}.Debug|Any CPU.Build.0 = Debug|Any CPU
		{5B43C22F-1B0C-41E2-9017-463EF4870AE6}.Release|Any CPU.ActiveCfg = Release|Any CPU
		{5B43C22F-1B0C-41E2-9017-463EF4870AE6}.Release|Any CPU.Build.0 = Release|Any CPU
		{737BB23C-E25C-47C6-96F7-734DDFA77B28}.Debug|Any CPU.ActiveCfg = Debug|Any CPU
		{737BB23C-E25C-47C6-96F7-734DDFA77B28}.Debug|Any CPU.Build.0 = Debug|Any CPU
		{737BB23C-E25C-47C6-96F7-734DDFA77B28}.Release|Any CPU.ActiveCfg = Release|Any CPU
		{737BB23C-E25C-47C6-96F7-734DDFA77B28}.Release|Any CPU.Build.0 = Release|Any CPU
		{1CCEBE23-712E-4FC1-AB93-E122A478FFF7}.Debug|Any CPU.ActiveCfg = Debug|Any CPU
		{1CCEBE23-712E-4FC1-AB93-E122A478FFF7}.Debug|Any CPU.Build.0 = Debug|Any CPU
		{1CCEBE23-712E-4FC1-AB93-E122A478FFF7}.Release|Any CPU.ActiveCfg = Release|Any CPU
		{1CCEBE23-712E-4FC1-AB93-E122A478FFF7}.Release|Any CPU.Build.0 = Release|Any CPU
		{1AA4122E-4628-491A-8F51-84FE39033279}.Debug|Any CPU.ActiveCfg = Debug|Any CPU
		{1AA4122E-4628-491A-8F51-84FE39033279}.Debug|Any CPU.Build.0 = Debug|Any CPU
		{1AA4122E-4628-491A-8F51-84FE39033279}.Release|Any CPU.ActiveCfg = Release|Any CPU
		{1AA4122E-4628-491A-8F51-84FE39033279}.Release|Any CPU.Build.0 = Release|Any CPU
		{46731ED6-CE62-41C8-849B-800A783A224F}.Debug|Any CPU.ActiveCfg = Debug|Any CPU
		{46731ED6-CE62-41C8-849B-800A783A224F}.Debug|Any CPU.Build.0 = Debug|Any CPU
		{46731ED6-CE62-41C8-849B-800A783A224F}.Release|Any CPU.ActiveCfg = Release|Any CPU
		{46731ED6-CE62-41C8-849B-800A783A224F}.Release|Any CPU.Build.0 = Release|Any CPU
		{77DA8B84-59B7-4B43-9693-88CEFF690705}.Debug|Any CPU.ActiveCfg = Debug|Any CPU
		{77DA8B84-59B7-4B43-9693-88CEFF690705}.Debug|Any CPU.Build.0 = Debug|Any CPU
		{77DA8B84-59B7-4B43-9693-88CEFF690705}.Release|Any CPU.ActiveCfg = Release|Any CPU
		{77DA8B84-59B7-4B43-9693-88CEFF690705}.Release|Any CPU.Build.0 = Release|Any CPU
		{FEE8CB61-C605-434A-ABA4-06F7047671D5}.Debug|Any CPU.ActiveCfg = Debug|Any CPU
		{FEE8CB61-C605-434A-ABA4-06F7047671D5}.Debug|Any CPU.Build.0 = Debug|Any CPU
		{FEE8CB61-C605-434A-ABA4-06F7047671D5}.Release|Any CPU.ActiveCfg = Release|Any CPU
		{FEE8CB61-C605-434A-ABA4-06F7047671D5}.Release|Any CPU.Build.0 = Release|Any CPU
		{E2782820-D0DA-47BF-AF56-14D4BC7A7CCC}.Debug|Any CPU.ActiveCfg = Debug|Any CPU
		{E2782820-D0DA-47BF-AF56-14D4BC7A7CCC}.Debug|Any CPU.Build.0 = Debug|Any CPU
		{E2782820-D0DA-47BF-AF56-14D4BC7A7CCC}.Release|Any CPU.ActiveCfg = Release|Any CPU
		{E2782820-D0DA-47BF-AF56-14D4BC7A7CCC}.Release|Any CPU.Build.0 = Release|Any CPU
		{4CF9604B-8461-4702-8149-A705CECAAD62}.Debug|Any CPU.ActiveCfg = Debug|Any CPU
		{4CF9604B-8461-4702-8149-A705CECAAD62}.Debug|Any CPU.Build.0 = Debug|Any CPU
		{4CF9604B-8461-4702-8149-A705CECAAD62}.Release|Any CPU.ActiveCfg = Release|Any CPU
		{4CF9604B-8461-4702-8149-A705CECAAD62}.Release|Any CPU.Build.0 = Release|Any CPU
		{6CB62952-DB90-427E-8E87-CBACBE68D0C1}.Debug|Any CPU.ActiveCfg = Debug|Any CPU
		{6CB62952-DB90-427E-8E87-CBACBE68D0C1}.Debug|Any CPU.Build.0 = Debug|Any CPU
		{6CB62952-DB90-427E-8E87-CBACBE68D0C1}.Release|Any CPU.ActiveCfg = Release|Any CPU
		{6CB62952-DB90-427E-8E87-CBACBE68D0C1}.Release|Any CPU.Build.0 = Release|Any CPU
		{A8E197CD-895C-4872-B0CE-77ABAE3D0187}.Debug|Any CPU.ActiveCfg = Debug|Any CPU
		{A8E197CD-895C-4872-B0CE-77ABAE3D0187}.Debug|Any CPU.Build.0 = Debug|Any CPU
		{A8E197CD-895C-4872-B0CE-77ABAE3D0187}.Release|Any CPU.ActiveCfg = Release|Any CPU
		{A8E197CD-895C-4872-B0CE-77ABAE3D0187}.Release|Any CPU.Build.0 = Release|Any CPU
		{4BC2957C-A417-4031-AD84-DA0F1FF6C107}.Debug|Any CPU.ActiveCfg = Debug|Any CPU
		{4BC2957C-A417-4031-AD84-DA0F1FF6C107}.Debug|Any CPU.Build.0 = Debug|Any CPU
		{4BC2957C-A417-4031-AD84-DA0F1FF6C107}.Release|Any CPU.ActiveCfg = Release|Any CPU
		{4BC2957C-A417-4031-AD84-DA0F1FF6C107}.Release|Any CPU.Build.0 = Release|Any CPU
		{8FBE29EB-AE48-4E0B-927D-FC01CD870AC9}.Debug|Any CPU.ActiveCfg = Debug|Any CPU
		{8FBE29EB-AE48-4E0B-927D-FC01CD870AC9}.Debug|Any CPU.Build.0 = Debug|Any CPU
		{8FBE29EB-AE48-4E0B-927D-FC01CD870AC9}.Release|Any CPU.ActiveCfg = Release|Any CPU
		{8FBE29EB-AE48-4E0B-927D-FC01CD870AC9}.Release|Any CPU.Build.0 = Release|Any CPU
		{8B468F15-EF80-447D-A5F3-F66FBFB5624C}.Debug|Any CPU.ActiveCfg = Debug|Any CPU
		{8B468F15-EF80-447D-A5F3-F66FBFB5624C}.Debug|Any CPU.Build.0 = Debug|Any CPU
		{8B468F15-EF80-447D-A5F3-F66FBFB5624C}.Release|Any CPU.ActiveCfg = Release|Any CPU
		{8B468F15-EF80-447D-A5F3-F66FBFB5624C}.Release|Any CPU.Build.0 = Release|Any CPU
		{AA22244B-534C-47A5-8BD9-4796D78F9F21}.Debug|Any CPU.ActiveCfg = Debug|Any CPU
		{AA22244B-534C-47A5-8BD9-4796D78F9F21}.Debug|Any CPU.Build.0 = Debug|Any CPU
		{AA22244B-534C-47A5-8BD9-4796D78F9F21}.Release|Any CPU.ActiveCfg = Release|Any CPU
		{AA22244B-534C-47A5-8BD9-4796D78F9F21}.Release|Any CPU.Build.0 = Release|Any CPU
		{C8BEE0CC-D7F8-4E17-B234-FA6595438416}.Debug|Any CPU.ActiveCfg = Debug|Any CPU
		{C8BEE0CC-D7F8-4E17-B234-FA6595438416}.Debug|Any CPU.Build.0 = Debug|Any CPU
		{C8BEE0CC-D7F8-4E17-B234-FA6595438416}.Release|Any CPU.ActiveCfg = Release|Any CPU
		{C8BEE0CC-D7F8-4E17-B234-FA6595438416}.Release|Any CPU.Build.0 = Release|Any CPU
		{9C764FB3-3288-42E4-9ECC-D2C9DB636E3D}.Debug|Any CPU.ActiveCfg = Debug|Any CPU
		{9C764FB3-3288-42E4-9ECC-D2C9DB636E3D}.Debug|Any CPU.Build.0 = Debug|Any CPU
		{9C764FB3-3288-42E4-9ECC-D2C9DB636E3D}.Release|Any CPU.ActiveCfg = Release|Any CPU
		{9C764FB3-3288-42E4-9ECC-D2C9DB636E3D}.Release|Any CPU.Build.0 = Release|Any CPU
		{C3DEE4DF-442E-4CF6-A7B3-BB657563E02C}.Debug|Any CPU.ActiveCfg = Debug|Any CPU
		{C3DEE4DF-442E-4CF6-A7B3-BB657563E02C}.Debug|Any CPU.Build.0 = Debug|Any CPU
		{C3DEE4DF-442E-4CF6-A7B3-BB657563E02C}.Release|Any CPU.ActiveCfg = Release|Any CPU
		{C3DEE4DF-442E-4CF6-A7B3-BB657563E02C}.Release|Any CPU.Build.0 = Release|Any CPU
		{8F7DD7CC-343E-404C-8E6B-7001A7042F1D}.Debug|Any CPU.ActiveCfg = Debug|Any CPU
		{8F7DD7CC-343E-404C-8E6B-7001A7042F1D}.Debug|Any CPU.Build.0 = Debug|Any CPU
		{8F7DD7CC-343E-404C-8E6B-7001A7042F1D}.Release|Any CPU.ActiveCfg = Release|Any CPU
		{8F7DD7CC-343E-404C-8E6B-7001A7042F1D}.Release|Any CPU.Build.0 = Release|Any CPU
		{BD0E217B-9D61-4A83-B9FC-AAFDE0A18DE3}.Debug|Any CPU.ActiveCfg = Debug|Any CPU
		{BD0E217B-9D61-4A83-B9FC-AAFDE0A18DE3}.Debug|Any CPU.Build.0 = Debug|Any CPU
		{BD0E217B-9D61-4A83-B9FC-AAFDE0A18DE3}.Release|Any CPU.ActiveCfg = Release|Any CPU
		{BD0E217B-9D61-4A83-B9FC-AAFDE0A18DE3}.Release|Any CPU.Build.0 = Release|Any CPU
		{27D85C14-AEB7-4D3F-A4AE-6AAEDBA5F6EE}.Debug|Any CPU.ActiveCfg = Debug|Any CPU
		{27D85C14-AEB7-4D3F-A4AE-6AAEDBA5F6EE}.Debug|Any CPU.Build.0 = Debug|Any CPU
		{27D85C14-AEB7-4D3F-A4AE-6AAEDBA5F6EE}.Release|Any CPU.ActiveCfg = Release|Any CPU
		{27D85C14-AEB7-4D3F-A4AE-6AAEDBA5F6EE}.Release|Any CPU.Build.0 = Release|Any CPU
		{AE4DD3B5-B875-4464-BC95-9D6C076F2CCE}.Debug|Any CPU.ActiveCfg = Debug|Any CPU
		{AE4DD3B5-B875-4464-BC95-9D6C076F2CCE}.Debug|Any CPU.Build.0 = Debug|Any CPU
		{AE4DD3B5-B875-4464-BC95-9D6C076F2CCE}.Release|Any CPU.ActiveCfg = Release|Any CPU
		{AE4DD3B5-B875-4464-BC95-9D6C076F2CCE}.Release|Any CPU.Build.0 = Release|Any CPU
		{4C827144-2083-4376-8982-0C909C6377DA}.Debug|Any CPU.ActiveCfg = Debug|Any CPU
		{4C827144-2083-4376-8982-0C909C6377DA}.Debug|Any CPU.Build.0 = Debug|Any CPU
		{4C827144-2083-4376-8982-0C909C6377DA}.Release|Any CPU.ActiveCfg = Release|Any CPU
		{4C827144-2083-4376-8982-0C909C6377DA}.Release|Any CPU.Build.0 = Release|Any CPU
		{648FEF66-241A-4441-8E2B-BB4D4C2FA8DF}.Debug|Any CPU.ActiveCfg = Debug|Any CPU
		{648FEF66-241A-4441-8E2B-BB4D4C2FA8DF}.Debug|Any CPU.Build.0 = Debug|Any CPU
		{648FEF66-241A-4441-8E2B-BB4D4C2FA8DF}.Release|Any CPU.ActiveCfg = Release|Any CPU
		{648FEF66-241A-4441-8E2B-BB4D4C2FA8DF}.Release|Any CPU.Build.0 = Release|Any CPU
		{F31448A9-16BA-46E1-95AC-240739ED575A}.Debug|Any CPU.ActiveCfg = Debug|Any CPU
		{F31448A9-16BA-46E1-95AC-240739ED575A}.Debug|Any CPU.Build.0 = Debug|Any CPU
		{F31448A9-16BA-46E1-95AC-240739ED575A}.Release|Any CPU.ActiveCfg = Release|Any CPU
		{F31448A9-16BA-46E1-95AC-240739ED575A}.Release|Any CPU.Build.0 = Release|Any CPU
		{0C0DFA1E-4A5F-44FB-9891-12DDB29334F4}.Debug|Any CPU.ActiveCfg = Debug|Any CPU
		{0C0DFA1E-4A5F-44FB-9891-12DDB29334F4}.Debug|Any CPU.Build.0 = Debug|Any CPU
		{0C0DFA1E-4A5F-44FB-9891-12DDB29334F4}.Release|Any CPU.ActiveCfg = Release|Any CPU
		{0C0DFA1E-4A5F-44FB-9891-12DDB29334F4}.Release|Any CPU.Build.0 = Release|Any CPU
		{E0A7C5CA-477B-492B-B9AE-5634A46F6095}.Debug|Any CPU.ActiveCfg = Debug|Any CPU
		{E0A7C5CA-477B-492B-B9AE-5634A46F6095}.Debug|Any CPU.Build.0 = Debug|Any CPU
		{E0A7C5CA-477B-492B-B9AE-5634A46F6095}.Release|Any CPU.ActiveCfg = Release|Any CPU
		{E0A7C5CA-477B-492B-B9AE-5634A46F6095}.Release|Any CPU.Build.0 = Release|Any CPU
		{C4340A12-8781-4BD8-BE74-ED8333F76C32}.Debug|Any CPU.ActiveCfg = Debug|Any CPU
		{C4340A12-8781-4BD8-BE74-ED8333F76C32}.Debug|Any CPU.Build.0 = Debug|Any CPU
		{C4340A12-8781-4BD8-BE74-ED8333F76C32}.Release|Any CPU.ActiveCfg = Release|Any CPU
		{C4340A12-8781-4BD8-BE74-ED8333F76C32}.Release|Any CPU.Build.0 = Release|Any CPU
		{D6B1DF5B-3F00-45A3-B52B-A8266C4F4759}.Debug|Any CPU.ActiveCfg = Debug|Any CPU
		{D6B1DF5B-3F00-45A3-B52B-A8266C4F4759}.Debug|Any CPU.Build.0 = Debug|Any CPU
		{D6B1DF5B-3F00-45A3-B52B-A8266C4F4759}.Release|Any CPU.ActiveCfg = Release|Any CPU
		{D6B1DF5B-3F00-45A3-B52B-A8266C4F4759}.Release|Any CPU.Build.0 = Release|Any CPU
		{77BC1534-A526-45D1-848A-B088E1FAADEF}.Debug|Any CPU.ActiveCfg = Debug|Any CPU
		{77BC1534-A526-45D1-848A-B088E1FAADEF}.Debug|Any CPU.Build.0 = Debug|Any CPU
		{77BC1534-A526-45D1-848A-B088E1FAADEF}.Release|Any CPU.ActiveCfg = Release|Any CPU
		{77BC1534-A526-45D1-848A-B088E1FAADEF}.Release|Any CPU.Build.0 = Release|Any CPU
		{EA7D976D-04BC-4629-9303-74A1E9640B46}.Debug|Any CPU.ActiveCfg = Debug|Any CPU
		{EA7D976D-04BC-4629-9303-74A1E9640B46}.Debug|Any CPU.Build.0 = Debug|Any CPU
		{EA7D976D-04BC-4629-9303-74A1E9640B46}.Release|Any CPU.ActiveCfg = Release|Any CPU
		{EA7D976D-04BC-4629-9303-74A1E9640B46}.Release|Any CPU.Build.0 = Release|Any CPU
		{F2F1FCEA-8685-4BEE-A5E6-6D89E05F0C3D}.Debug|Any CPU.ActiveCfg = Debug|Any CPU
		{F2F1FCEA-8685-4BEE-A5E6-6D89E05F0C3D}.Debug|Any CPU.Build.0 = Debug|Any CPU
		{F2F1FCEA-8685-4BEE-A5E6-6D89E05F0C3D}.Release|Any CPU.ActiveCfg = Release|Any CPU
		{F2F1FCEA-8685-4BEE-A5E6-6D89E05F0C3D}.Release|Any CPU.Build.0 = Release|Any CPU
	EndGlobalSection
	GlobalSection(NestedProjects) = preSolution
		{01406C89-B3C2-449C-A31F-299160E12E7A} = {779E1213-A646-4D21-9F04-409450C6ABF3}
		{F9340640-4EA5-47D1-BC3A-50EA41EC3679} = {C236CB03-A5AC-4268-9862-75537B4160C4}
		{0C1EB0B7-D014-48FD-9854-7F1FFE0774CD} = {C6E2833D-8257-4EF5-868E-4C9275118B8B}
		{32B8DFEB-C490-402E-8F11-FCF5CFBCD383} = {B0A7A2EF-B419-4697-9576-CB40A371F13B}
		{2C6454DB-2AE7-4A09-A036-9EA74888B815} = {316E3CBB-F450-44EE-8183-623992735BF1}
		{3BA9B16A-E01C-4198-9EF7-B3C6E80E8435} = {6C144DFB-4C74-458C-B7C1-3A4501A9D88A}
		{CC473E1B-BC66-4585-A859-D37269DD0054} = {E734610C-CE45-453C-B10C-6EE499F5F075}
		{321C7B6C-C68B-4FF8-AAD3-C5BDE6F1FBC1} = {89D24DF6-D944-433F-90C8-99C85ED148B4}
		{DC2F4322-96F6-4F4F-951C-4E84C5268A36} = {501E8F4B-6FDB-4FFD-99AA-69E78123AA5F}
		{10E4D9D9-F2A6-4B27-B21E-138AB406EB2F} = {36A731AD-1EC6-4449-88F3-F82896DE8FC1}
		{ECD65E58-B057-4AC6-85EC-BEB22A55A331} = {33E204B7-0B14-45C9-89E8-795F075748C2}
		{5B43C22F-1B0C-41E2-9017-463EF4870AE6} = {3B424599-58AA-4F29-AACE-1D04AD8E6267}
		{737BB23C-E25C-47C6-96F7-734DDFA77B28} = {5CB39E99-A769-4246-8779-F5CF48D278CF}
		{1CCEBE23-712E-4FC1-AB93-E122A478FFF7} = {7E4E0574-60EA-4632-AAC5-47AAAE147865}
		{1AA4122E-4628-491A-8F51-84FE39033279} = {F7F49A9D-EC65-4E0F-88A0-F85A2593B04A}
		{46731ED6-CE62-41C8-849B-800A783A224F} = {F7F49A9D-EC65-4E0F-88A0-F85A2593B04A}
		{77DA8B84-59B7-4B43-9693-88CEFF690705} = {F7F49A9D-EC65-4E0F-88A0-F85A2593B04A}
		{FEE8CB61-C605-434A-ABA4-06F7047671D5} = {F7F49A9D-EC65-4E0F-88A0-F85A2593B04A}
		{E2782820-D0DA-47BF-AF56-14D4BC7A7CCC} = {F7F49A9D-EC65-4E0F-88A0-F85A2593B04A}
		{4CF9604B-8461-4702-8149-A705CECAAD62} = {F7F49A9D-EC65-4E0F-88A0-F85A2593B04A}
		{6CB62952-DB90-427E-8E87-CBACBE68D0C1} = {F7F49A9D-EC65-4E0F-88A0-F85A2593B04A}
		{A8E197CD-895C-4872-B0CE-77ABAE3D0187} = {F7F49A9D-EC65-4E0F-88A0-F85A2593B04A}
		{4BC2957C-A417-4031-AD84-DA0F1FF6C107} = {F7F49A9D-EC65-4E0F-88A0-F85A2593B04A}
		{8FBE29EB-AE48-4E0B-927D-FC01CD870AC9} = {F7F49A9D-EC65-4E0F-88A0-F85A2593B04A}
		{8B468F15-EF80-447D-A5F3-F66FBFB5624C} = {F7F49A9D-EC65-4E0F-88A0-F85A2593B04A}
		{AA22244B-534C-47A5-8BD9-4796D78F9F21} = {F7F49A9D-EC65-4E0F-88A0-F85A2593B04A}
		{C8BEE0CC-D7F8-4E17-B234-FA6595438416} = {F7F49A9D-EC65-4E0F-88A0-F85A2593B04A}
		{9C764FB3-3288-42E4-9ECC-D2C9DB636E3D} = {F7F49A9D-EC65-4E0F-88A0-F85A2593B04A}
		{C3DEE4DF-442E-4CF6-A7B3-BB657563E02C} = {FB6239D3-4026-4ABB-8908-5275D42CD597}
		{8F7DD7CC-343E-404C-8E6B-7001A7042F1D} = {FB6239D3-4026-4ABB-8908-5275D42CD597}
		{BD0E217B-9D61-4A83-B9FC-AAFDE0A18DE3} = {FB6239D3-4026-4ABB-8908-5275D42CD597}
		{27D85C14-AEB7-4D3F-A4AE-6AAEDBA5F6EE} = {FB6239D3-4026-4ABB-8908-5275D42CD597}
		{AE4DD3B5-B875-4464-BC95-9D6C076F2CCE} = {FB6239D3-4026-4ABB-8908-5275D42CD597}
		{4C827144-2083-4376-8982-0C909C6377DA} = {FB6239D3-4026-4ABB-8908-5275D42CD597}
		{648FEF66-241A-4441-8E2B-BB4D4C2FA8DF} = {FB6239D3-4026-4ABB-8908-5275D42CD597}
		{F31448A9-16BA-46E1-95AC-240739ED575A} = {FB6239D3-4026-4ABB-8908-5275D42CD597}
		{0C0DFA1E-4A5F-44FB-9891-12DDB29334F4} = {FB6239D3-4026-4ABB-8908-5275D42CD597}
		{E0A7C5CA-477B-492B-B9AE-5634A46F6095} = {FB6239D3-4026-4ABB-8908-5275D42CD597}
		{C4340A12-8781-4BD8-BE74-ED8333F76C32} = {FB6239D3-4026-4ABB-8908-5275D42CD597}
		{D6B1DF5B-3F00-45A3-B52B-A8266C4F4759} = {FB6239D3-4026-4ABB-8908-5275D42CD597}
		{77BC1534-A526-45D1-848A-B088E1FAADEF} = {FB6239D3-4026-4ABB-8908-5275D42CD597}
		{EA7D976D-04BC-4629-9303-74A1E9640B46} = {FB6239D3-4026-4ABB-8908-5275D42CD597}
		{F2F1FCEA-8685-4BEE-A5E6-6D89E05F0C3D} = {50D27C89-1CC8-4A71-95B0-A475AB1EDB9E}
	EndGlobalSection
EndGlobal
