
Microsoft Visual Studio Solution File, Format Version 12.00
# Visual Studio Version 17
VisualStudioVersion = 17.0.31903.59
MinimumVisualStudioVersion = 10.0.40219.1
Project("{FAE04EC0-301F-11D3-BF4B-00C04F79EFBC}") = "Day12", "csharp\Day12.csproj", "{82970708-82A2-462A-A7E3-8E6011A9C9FB}"
EndProject
Project("{F2A71F9B-5D33-465A-A702-920D77279786}") = "Day12", "fsharp\Day12.fsproj", "{854D5E33-ED16-4F75-B6AC-D3EB916298CF}"
EndProject
Global
	GlobalSection(SolutionConfigurationPlatforms) = preSolution
		Debug|Any CPU = Debug|Any CPU
		Release|Any CPU = Release|Any CPU
	EndGlobalSection
	GlobalSection(SolutionProperties) = preSolution
		HideSolutionNode = FALSE
	EndGlobalSection
	GlobalSection(ProjectConfigurationPlatforms) = postSolution
		{82970708-82A2-462A-A7E3-8E6011A9C9FB}.Debug|Any CPU.ActiveCfg = Debug|Any CPU
		{82970708-82A2-462A-A7E3-8E6011A9C9FB}.Debug|Any CPU.Build.0 = Debug|Any CPU
		{82970708-82A2-462A-A7E3-8E6011A9C9FB}.Release|Any CPU.ActiveCfg = Release|Any CPU
		{82970708-82A2-462A-A7E3-8E6011A9C9FB}.Release|Any CPU.Build.0 = Release|Any CPU
		{854D5E33-ED16-4F75-B6AC-D3EB916298CF}.Debug|Any CPU.ActiveCfg = Debug|Any CPU
		{854D5E33-ED16-4F75-B6AC-D3EB916298CF}.Debug|Any CPU.Build.0 = Debug|Any CPU
		{854D5E33-ED16-4F75-B6AC-D3EB916298CF}.Release|Any CPU.ActiveCfg = Release|Any CPU
		{854D5E33-ED16-4F75-B6AC-D3EB916298CF}.Release|Any CPU.Build.0 = Release|Any CPU
	EndGlobalSection
EndGlobal
