
Microsoft Visual Studio Solution File, Format Version 12.00
# Visual Studio Version 17
VisualStudioVersion = 17.0.31903.59
MinimumVisualStudioVersion = 10.0.40219.1
Project("{FAE04EC0-301F-11D3-BF4B-00C04F79EFBC}") = "Day13", "csharp\Day13.csproj", "{736D360F-A8CA-416F-B048-A0BBF8BA3154}"
EndProject
Project("{F2A71F9B-5D33-465A-A702-920D77279786}") = "Day13", "fsharp\Day13.fsproj", "{C0E51B61-61D4-45DD-9EE1-C088E81C7BB2}"
EndProject
Global
	GlobalSection(SolutionConfigurationPlatforms) = preSolution
		Debug|Any CPU = Debug|Any CPU
		Release|Any CPU = Release|Any CPU
	EndGlobalSection
	GlobalSection(SolutionProperties) = preSolution
		HideSolutionNode = FALSE
	EndGlobalSection
	GlobalSection(ProjectConfigurationPlatforms) = postSolution
		{736D360F-A8CA-416F-B048-A0BBF8BA3154}.Debug|Any CPU.ActiveCfg = Debug|Any CPU
		{736D360F-A8CA-416F-B048-A0BBF8BA3154}.Debug|Any CPU.Build.0 = Debug|Any CPU
		{736D360F-A8CA-416F-B048-A0BBF8BA3154}.Release|Any CPU.ActiveCfg = Release|Any CPU
		{736D360F-A8CA-416F-B048-A0BBF8BA3154}.Release|Any CPU.Build.0 = Release|Any CPU
		{C0E51B61-61D4-45DD-9EE1-C088E81C7BB2}.Debug|Any CPU.ActiveCfg = Debug|Any CPU
		{C0E51B61-61D4-45DD-9EE1-C088E81C7BB2}.Debug|Any CPU.Build.0 = Debug|Any CPU
		{C0E51B61-61D4-45DD-9EE1-C088E81C7BB2}.Release|Any CPU.ActiveCfg = Release|Any CPU
		{C0E51B61-61D4-45DD-9EE1-C088E81C7BB2}.Release|Any CPU.Build.0 = Release|Any CPU
	EndGlobalSection
EndGlobal
